
Microsoft Visual Studio Solution File, Format Version 12.00
# Visual Studio Version 16
VisualStudioVersion = 16.0.34114.132
MinimumVisualStudioVersion = 10.0.40219.1
Project("{FAE04EC0-301F-11D3-BF4B-00C04F79EFBC}") = "Celikoor_Kelompok6", "Celikoor_Kelompok6\Celikoor_Kelompok6.csproj", "{DD3E2F9B-CC11-45A4-B2A5-9C3621CCECBF}"
EndProject
Global
	GlobalSection(SolutionConfigurationPlatforms) = preSolution
		Debug|Any CPU = Debug|Any CPU
		Release|Any CPU = Release|Any CPU
	EndGlobalSection
	GlobalSection(ProjectConfigurationPlatforms) = postSolution
		{DD3E2F9B-CC11-45A4-B2A5-9C3621CCECBF}.Debug|Any CPU.ActiveCfg = Debug|Any CPU
		{DD3E2F9B-CC11-45A4-B2A5-9C3621CCECBF}.Debug|Any CPU.Build.0 = Debug|Any CPU
		{DD3E2F9B-CC11-45A4-B2A5-9C3621CCECBF}.Release|Any CPU.ActiveCfg = Release|Any CPU
		{DD3E2F9B-CC11-45A4-B2A5-9C3621CCECBF}.Release|Any CPU.Build.0 = Release|Any CPU
	EndGlobalSection
	GlobalSection(SolutionProperties) = preSolution
		HideSolutionNode = FALSE
	EndGlobalSection
	GlobalSection(ExtensibilityGlobals) = postSolution
		SolutionGuid = {AA34BE1A-158A-45DF-BB07-C8F2EF2D8F94}
	EndGlobalSection
EndGlobal
